{
    "_meta": {
        "hash": {
            "sha256": "41ea2bbd5db4a815e639e7cdcf98db9a98b902fed8b02c1d63b99cd66c18ec7c"
        },
        "host-environment-markers": {
            "implementation_name": "cpython",
            "implementation_version": "3.6.3",
            "os_name": "posix",
            "platform_machine": "x86_64",
            "platform_python_implementation": "CPython",
            "platform_release": "4.4.0-87-generic",
            "platform_system": "Linux",
            "platform_version": "#110-Ubuntu SMP Tue Jul 18 12:55:35 UTC 2017",
            "python_full_version": "3.6.3",
            "python_version": "3.6",
            "sys_platform": "linux"
        },
        "pipfile-spec": 6,
        "requires": {
            "python_version": "3.6"
        },
        "sources": [
            {
                "name": "pypi",
                "url": "https://pypi.python.org/simple",
                "verify_ssl": true
            }
        ]
    },
    "default": {},
    "develop": {
        "boto3": {
            "hashes": [
                "sha256:e76a1c6ef70ac39dc5e58c87e2985034362d0294c8c0676243db46efa1801c1a",
                "sha256:ac5c194a2b03676f9a3435b8a4ee168285fc1fc1037e6c6a641f654a12724995"
            ],
            "version": "==1.5.26"
        },
        "botocore": {
            "hashes": [
                "sha256:83197c3eb264b202109c65e4403442252938fbc99a28e44de8f76d27a7e73ea8",
                "sha256:a80f926d0b5d0c60107b95f03ad946716620b733469d9ec5e976dd81363988d6"
            ],
            "version": "==1.8.40"
        },
        "certifi": {
            "hashes": [
                "sha256:14131608ad2fd56836d33a71ee60fa1c82bc9d2c8d98b7bdbc631fe1b3cd1296",
                "sha256:edbc3f203427eef571f79a7692bb160a2b0f7ccaa31953e99bd17e307cf63f7d"
            ],
            "version": "==2018.1.18"
        },
        "chardet": {
            "hashes": [
                "sha256:fc323ffcaeaed0e0a02bf4d117757b98aed530d9ed4531e3e15460124c106691",
                "sha256:84ab92ed1c4d4f16916e05906b6b75a6c0fb5db821cc65e70cbd64a3e2a5eaae"
            ],
            "version": "==3.0.4"
        },
        "debtcollector": {
            "hashes": [
                "sha256:bd7f1f538a3a6810c845631dfcdae0ccbb34d897cb527aa1e9ee0c2c01f28229",
                "sha256:4e90683553a6bb68d10a29b42c5df90d0e83d5085ff1ac2970c91314acdf8719"
            ],
            "version": "==1.19.0"
        },
        "deepdiff": {
            "hashes": [
                "sha256:b4150052e610b231885c4c0be3eea86e4c029df91550ec51b9fc14dd209a5055",
                "sha256:152b29dd9cd97cc78403121fb394925ec47377d4a410751e56547c3930ba2b39",
                "sha256:ecad8e16a96ffd27e8f40c9801a6ab16ec6a7e7e6e6859a7710ba4695f22702c"
            ],
            "version": "==3.3.0"
        },
        "docopt": {
            "hashes": [
                "sha256:49b3a825280bd66b3aa83585ef59c4a8c82f2c8a522dbe754a8bc8d08c85c491"
            ],
            "version": "==0.6.2"
        },
        "docutils": {
            "hashes": [
                "sha256:7a4bd47eaf6596e1295ecb11361139febe29b084a87bf005bf899f9a42edc3c6",
                "sha256:02aec4bd92ab067f6ff27a38a38a41173bf01bed8f89157768c1573f53e474a6",
                "sha256:51e64ef2ebfb29cae1faa133b3710143496eca21c530f3f71424d77687764274"
            ],
            "version": "==0.14"
        },
        "fn": {
            "hashes": [
                "sha256:f8cd80cdabf15367a2f07e7a9951fdc013d7200412743d85b88f2c896c95bada"
            ],
            "version": "==0.4.3"
        },
        "freezegun": {
            "hashes": [
                "sha256:8842688de9497c82ecb40c30274ecc676e97ac78765b0ade105a97063d5b7a11",
                "sha256:783ccccd7f60968bfe49ad9e114c18ea2b63831faaaf61c1f1f71ddfde1c0eee"
            ],
            "version": "==0.3.9"
        },
        "idna": {
            "hashes": [
                "sha256:8c7309c718f94b3a625cb648ace320157ad16ff131ae0af362c9f21b80ef6ec4",
                "sha256:2c6a5de3089009e3da7c5dde64a141dbc8551d5b7f6cf4ed7c2568d0cc520a8f"
            ],
            "version": "==2.6"
        },
        "jmespath": {
            "hashes": [
                "sha256:f11b4461f425740a1d908e9a3f7365c3d2e569f6ca68a2ff8bc5bcd9676edd63",
                "sha256:6a81d4c9aa62caf061cb517b4d9ad1dd300374cd4706997aff9cd6aedd61fc64"
            ],
            "version": "==0.9.3"
        },
        "jsonpickle": {
            "hashes": [
                "sha256:545b3bee0d65e1abb4baa1818edcc9ec239aa9f2ffbfde8084d71c056180054f"
            ],
            "version": "==0.9.6"
        },
        "jumeaux": {
            "hashes": [
                "sha256:96b4eb58bbc3018043d7de1cfbef9dc706331e2225499b30dd4775387febbe14"
            ],
            "version": "==0.38.1"
        },
        "owlmixin": {
            "hashes": [
                "sha256:d699fc0e7c7e2282f590a598e39587506ea88496b3a2b903c438bffd516ebfd0"
            ],
            "version": "==2.2.0"
        },
        "pbr": {
            "hashes": [
                "sha256:60c25b7dfd054ef9bb0ae327af949dd4676aa09ac3a9471cdc871d8a9213f9ac",
                "sha256:05f61c71aaefc02d8e37c0a3eeb9815ff526ea28b3b76324769e6158d7f95be1"
            ],
            "version": "==3.1.1"
        },
        "python-dateutil": {
            "hashes": [
                "sha256:95511bae634d69bc7329ba55e646499a842bc4ec342ad54a8cdb65645a0aad3c",
                "sha256:891c38b2a02f5bb1be3e4793866c8df49c7d19baabf9c1bad62547e0b4866aca"
            ],
            "version": "==2.6.1"
        },
        "pyyaml": {
            "hashes": [
                "sha256:3262c96a1ca437e7e4763e2843746588a965426550f3797a79fca9c6199c431f",
                "sha256:16b20e970597e051997d90dc2cddc713a2876c47e3d92d59ee198700c5427736",
                "sha256:e863072cdf4c72eebf179342c94e6989c67185842d9997960b3e69290b2fa269",
                "sha256:bc6bced57f826ca7cb5125a10b23fd0f2fff3b7c4701d64c439a300ce665fff8",
                "sha256:c01b880ec30b5a6e6aa67b09a2fe3fb30473008c85cd6a67359a1b15ed6d83a4",
                "sha256:827dc04b8fa7d07c44de11fabbc888e627fa8293b695e0f99cb544fdfa1bf0d1",
                "sha256:592766c6303207a20efc445587778322d7f73b161bd994f227adaa341ba212ab",
                "sha256:5f84523c076ad14ff5e6c037fe1c89a7f73a3e04cf0377cb4d017014976433f3",
                "sha256:0c507b7f74b3d2dd4d1322ec8a94794927305ab4cebbe89cc47fe5e81541e6e8",
                "sha256:b4c423ab23291d3945ac61346feeb9a0dc4184999ede5e7c43e1ffb975130ae6",
                "sha256:ca233c64c6e40eaa6c66ef97058cdc80e8d0157a443655baa1b2966e812807ca",
                "sha256:4474f8ea030b5127225b8894d626bb66c01cda098d47a2b0d3429b6700af9fd8",
                "sha256:326420cbb492172dec84b0f65c80942de6cedb5233c413dd824483989c000608",
                "sha256:5ac82e411044fb129bae5cfbeb3ba626acb2af31a8d17d175004b70862a741a7"
            ],
            "version": "==3.12"
        },
        "requests": {
            "hashes": [
                "sha256:6a1b267aa90cac58ac3a765d067950e7dbbf75b1da07e895d1f594193a40a38b",
                "sha256:9c443e7324ba5b85070c4a818ade28bfabedf16ea10206da1132edaa6dda237e"
            ],
            "version": "==2.18.4"
        },
        "s3transfer": {
            "hashes": [
                "sha256:23c156ca4d64b022476c92c44bf938bef71af9ce0dcd8fd6585e7bce52f66e47",
                "sha256:10891b246296e0049071d56c32953af05cea614dca425a601e4c0be35990121e"
            ],
            "version": "==0.1.12"
        },
        "schema": {
            "hashes": [
                "sha256:a058daf5d926e4ece9f13c4c2366a836143ca7913ef053c5023c569e00175b2a",
                "sha256:410f44cb025384959d20deef00b4e1595397fa30959947a4f0d92e9c84616f35"
            ],
            "version": "==0.6.7"
        },
        "six": {
            "hashes": [
                "sha256:832dc0e10feb1aa2c68dcc57dbb658f1c7e65b9b61af69048abc87a2db00a0eb",
                "sha256:70e8a77beed4562e7f14fe23a786b54f6296e34344c23bc42f07b15018ff98e9"
            ],
            "version": "==1.11.0"
        },
        "urllib3": {
            "hashes": [
                "sha256:06330f386d6e4b195fbfc736b297f58c5a892e4440e54d294d7004e3a9bbea1b",
                "sha256:cc44da8e1145637334317feebd728bd869a35285b93cbb4cca2577da7e62db4f"
            ],
            "version": "==1.22"
        },
        "wrapt": {
            "hashes": [
                "sha256:d4d560d479f2c21e1b5443bbd15fe7ec4b37fe7e53d335d3b9b0a7b1226fe3c6"
            ],
            "version": "==1.10.11"
        },
        "xmltodict": {
            "hashes": [
                "sha256:add07d92089ff611badec526912747cf87afd4f9447af6661aca074eeaf32615",
                "sha256:8f8d7d40aa28d83f4109a7e8aa86e67a4df202d9538be40c0cb1d70da527b0df"
            ],
            "version": "==0.11.0"
        }
    }
}
